
Microsoft Visual Studio Solution File, Format Version 12.00
# Visual Studio Version 17
VisualStudioVersion = 17.0.31903.59
MinimumVisualStudioVersion = 10.0.40219.1
Project("{9A19103F-16F7-4668-BE54-9A1E7A4F7556}") = "API", "API\API.csproj", "{1FABBAE1-CE33-443A-B48B-7F1564801387}"
EndProject
Project("{E53339B2-1760-4266-BCC7-CA923CBCF16C}") = "docker-compose", "docker-compose.dcproj", "{E6674B07-7044-4D24-8525-FEF7B387399C}"
EndProject
Project("{9A19103F-16F7-4668-BE54-9A1E7A4F7556}") = "Entities", "Entities\Entities.csproj", "{0C485098-A8F2-430E-BAF3-BE1015F6D6CA}"
EndProject
Project("{9A19103F-16F7-4668-BE54-9A1E7A4F7556}") = "Repository", "Repository\Repository.csproj", "{8410BF58-7679-48C3-B1DA-DA08A1419D34}"
EndProject
Project("{9A19103F-16F7-4668-BE54-9A1E7A4F7556}") = "Repository.Contracts", "..\Repository.Contracts\Repository.Contracts.csproj", "{5445AACA-2373-4ED7-A63E-A51FB55DE2EA}"
EndProject
Global
	GlobalSection(SolutionConfigurationPlatforms) = preSolution
		Debug|Any CPU = Debug|Any CPU
		Release|Any CPU = Release|Any CPU
	EndGlobalSection
	GlobalSection(ProjectConfigurationPlatforms) = postSolution
		{1FABBAE1-CE33-443A-B48B-7F1564801387}.Debug|Any CPU.ActiveCfg = Debug|Any CPU
		{1FABBAE1-CE33-443A-B48B-7F1564801387}.Debug|Any CPU.Build.0 = Debug|Any CPU
		{1FABBAE1-CE33-443A-B48B-7F1564801387}.Release|Any CPU.ActiveCfg = Release|Any CPU
		{1FABBAE1-CE33-443A-B48B-7F1564801387}.Release|Any CPU.Build.0 = Release|Any CPU
		{E6674B07-7044-4D24-8525-FEF7B387399C}.Debug|Any CPU.ActiveCfg = Debug|Any CPU
		{E6674B07-7044-4D24-8525-FEF7B387399C}.Debug|Any CPU.Build.0 = Debug|Any CPU
		{E6674B07-7044-4D24-8525-FEF7B387399C}.Release|Any CPU.ActiveCfg = Release|Any CPU
		{E6674B07-7044-4D24-8525-FEF7B387399C}.Release|Any CPU.Build.0 = Release|Any CPU
		{0C485098-A8F2-430E-BAF3-BE1015F6D6CA}.Debug|Any CPU.ActiveCfg = Debug|Any CPU
		{0C485098-A8F2-430E-BAF3-BE1015F6D6CA}.Debug|Any CPU.Build.0 = Debug|Any CPU
		{0C485098-A8F2-430E-BAF3-BE1015F6D6CA}.Release|Any CPU.ActiveCfg = Release|Any CPU
		{0C485098-A8F2-430E-BAF3-BE1015F6D6CA}.Release|Any CPU.Build.0 = Release|Any CPU
		{8410BF58-7679-48C3-B1DA-DA08A1419D34}.Debug|Any CPU.ActiveCfg = Debug|Any CPU
		{8410BF58-7679-48C3-B1DA-DA08A1419D34}.Debug|Any CPU.Build.0 = Debug|Any CPU
		{8410BF58-7679-48C3-B1DA-DA08A1419D34}.Release|Any CPU.ActiveCfg = Release|Any CPU
		{8410BF58-7679-48C3-B1DA-DA08A1419D34}.Release|Any CPU.Build.0 = Release|Any CPU
		{5445AACA-2373-4ED7-A63E-A51FB55DE2EA}.Debug|Any CPU.ActiveCfg = Debug|Any CPU
		{5445AACA-2373-4ED7-A63E-A51FB55DE2EA}.Debug|Any CPU.Build.0 = Debug|Any CPU
		{5445AACA-2373-4ED7-A63E-A51FB55DE2EA}.Release|Any CPU.ActiveCfg = Release|Any CPU
		{5445AACA-2373-4ED7-A63E-A51FB55DE2EA}.Release|Any CPU.Build.0 = Release|Any CPU
	EndGlobalSection
	GlobalSection(SolutionProperties) = preSolution
		HideSolutionNode = FALSE
	EndGlobalSection
	GlobalSection(ExtensibilityGlobals) = postSolution
		SolutionGuid = {3F25DE79-D892-4C4C-AC30-42183432CC00}
	EndGlobalSection
EndGlobal
